
Microsoft Visual Studio Solution File, Format Version 12.00
# Visual Studio Version 17
VisualStudioVersion = 17.8.34330.188
MinimumVisualStudioVersion = 10.0.40219.1
Project("{9A19103F-16F7-4668-BE54-9A1E7A4F7556}") = "Ekzakt.Utilities", "Ekzakt.Utilities\Ekzakt.Utilities.csproj", "{574B6136-321A-40E5-8ADF-2F9B0BEF7135}"
EndProject
Project("{9A19103F-16F7-4668-BE54-9A1E7A4F7556}") = "Ekzakt.Utilities.Tests", "Ekzakt.Utilities.Tests\Ekzakt.Utilities.Tests.csproj", "{D98CBF82-EF31-4096-81AD-B2402B2A9806}"
EndProject
Project("{9A19103F-16F7-4668-BE54-9A1E7A4F7556}") = "Ekzakt.EmailSender.Smtp", "Ekzakt.EmailSender.Smtp\Ekzakt.EmailSender.Smtp.csproj", "{4FF8D6CF-5E98-4F43-95B2-4D6DC5294C70}"
EndProject
Project("{FAE04EC0-301F-11D3-BF4B-00C04F79EFBC}") = "Ekzakt.EmailSender.Core", "Ekzakt.EmailSender.Core\Ekzakt.EmailSender.Core.csproj", "{A2CD96F8-EC37-47A2-BCAD-8DA576EBFFA9}"
EndProject
Global
	GlobalSection(SolutionConfigurationPlatforms) = preSolution
		Debug|Any CPU = Debug|Any CPU
		Release|Any CPU = Release|Any CPU
	EndGlobalSection
	GlobalSection(ProjectConfigurationPlatforms) = postSolution
		{574B6136-321A-40E5-8ADF-2F9B0BEF7135}.Debug|Any CPU.ActiveCfg = Debug|Any CPU
		{574B6136-321A-40E5-8ADF-2F9B0BEF7135}.Debug|Any CPU.Build.0 = Debug|Any CPU
		{574B6136-321A-40E5-8ADF-2F9B0BEF7135}.Release|Any CPU.ActiveCfg = Release|Any CPU
		{574B6136-321A-40E5-8ADF-2F9B0BEF7135}.Release|Any CPU.Build.0 = Release|Any CPU
		{D98CBF82-EF31-4096-81AD-B2402B2A9806}.Debug|Any CPU.ActiveCfg = Debug|Any CPU
		{D98CBF82-EF31-4096-81AD-B2402B2A9806}.Debug|Any CPU.Build.0 = Debug|Any CPU
		{D98CBF82-EF31-4096-81AD-B2402B2A9806}.Release|Any CPU.ActiveCfg = Release|Any CPU
		{D98CBF82-EF31-4096-81AD-B2402B2A9806}.Release|Any CPU.Build.0 = Release|Any CPU
		{4FF8D6CF-5E98-4F43-95B2-4D6DC5294C70}.Debug|Any CPU.ActiveCfg = Debug|Any CPU
		{4FF8D6CF-5E98-4F43-95B2-4D6DC5294C70}.Debug|Any CPU.Build.0 = Debug|Any CPU
		{4FF8D6CF-5E98-4F43-95B2-4D6DC5294C70}.Release|Any CPU.ActiveCfg = Release|Any CPU
		{4FF8D6CF-5E98-4F43-95B2-4D6DC5294C70}.Release|Any CPU.Build.0 = Release|Any CPU
		{A2CD96F8-EC37-47A2-BCAD-8DA576EBFFA9}.Debug|Any CPU.ActiveCfg = Debug|Any CPU
		{A2CD96F8-EC37-47A2-BCAD-8DA576EBFFA9}.Debug|Any CPU.Build.0 = Debug|Any CPU
		{A2CD96F8-EC37-47A2-BCAD-8DA576EBFFA9}.Release|Any CPU.ActiveCfg = Release|Any CPU
		{A2CD96F8-EC37-47A2-BCAD-8DA576EBFFA9}.Release|Any CPU.Build.0 = Release|Any CPU
	EndGlobalSection
	GlobalSection(SolutionProperties) = preSolution
		HideSolutionNode = FALSE
	EndGlobalSection
	GlobalSection(ExtensibilityGlobals) = postSolution
		SolutionGuid = {1A6C280D-E1A5-488A-8867-B871B7800725}
	EndGlobalSection
EndGlobal
